{
  "requires": true,
  "lockfileVersion": 1,
  "dependencies": {
    "axios": {
      "version": "0.17.1",
      "resolved": "https://registry.npmjs.org/axios/-/axios-0.17.1.tgz",
      "integrity": "sha1-LY4+XQvb1zJ/kbyBT1xXZg+Bgk0=",
      "requires": {
        "follow-redirects": "1.5.10",
        "is-buffer": "1.1.6"
      }
    },
    "camelcase": {
      "version": "4.1.0",
      "resolved": "https://registry.npmjs.org/camelcase/-/camelcase-4.1.0.tgz",
      "integrity": "sha1-1UVjW+HjPFQmScaRc+Xeas+uNN0="
    },
    "debug": {
      "version": "3.1.0",
      "resolved": "https://registry.npmjs.org/debug/-/debug-3.1.0.tgz",
      "integrity": "sha512-OX8XqP7/1a9cqkxYw2yXss15f26NKWBpDXQd0/uK/KPqdQhxbPa994hnzjcE2VqQpDslf55723cKPUOGSmMY3g==",
      "requires": {
        "ms": "2.0.0"
      }
    },
    "encoding": {
      "version": "0.1.12",
      "resolved": "https://registry.npmjs.org/encoding/-/encoding-0.1.12.tgz",
      "integrity": "sha1-U4tm8+5izRq1HsMjgp0flIDHS+s=",
      "requires": {
        "iconv-lite": "0.4.24"
      }
    },
    "follow-redirects": {
      "version": "1.5.10",
      "resolved": "https://registry.npmjs.org/follow-redirects/-/follow-redirects-1.5.10.tgz",
      "integrity": "sha512-0V5l4Cizzvqt5D44aTXbFZz+FtyXV1vrDN6qrelxtfYQKW0KO0W2T/hkE8xvGa/540LkZlkaUjO4ailYTFtHVQ==",
      "requires": {
        "debug": "3.1.0"
      }
    },
    "iconv-lite": {
      "version": "0.4.24",
      "resolved": "https://registry.npmjs.org/iconv-lite/-/iconv-lite-0.4.24.tgz",
      "integrity": "sha512-v3MXnZAcvnywkTUEZomIActle7RXXeedOR31wwl7VlyoXO4Qi9arvSenNQWne1TcRwhCL1HwLI21bEqdpj8/rA==",
      "requires": {
        "safer-buffer": "2.1.2"
      }
    },
    "infobox-parser": {
      "version": "3.0.3",
      "resolved": "https://registry.npmjs.org/infobox-parser/-/infobox-parser-3.0.3.tgz",
      "integrity": "sha512-KrEPqUtNfx0L5NiXrcqjcMMfDJxoEYpysdELOxI79Ymg28h/xLKzNWgyWe4JHamWQrnYW75htJSJdqI0mVDF5g==",
      "requires": {
        "camelcase": "4.1.0"
      }
    },
    "is-buffer": {
      "version": "1.1.6",
      "resolved": "https://registry.npmjs.org/is-buffer/-/is-buffer-1.1.6.tgz",
      "integrity": "sha512-NcdALwpXkTm5Zvvbk7owOUSvVvBKDgKP5/ewfXEznmQFfs4ZRmanOeKBTjRVjka3QFoN6XJ+9F3USqfHqTaU5w=="
    },
    "is-stream": {
      "version": "1.1.0",
      "resolved": "https://registry.npmjs.org/is-stream/-/is-stream-1.1.0.tgz",
      "integrity": "sha1-EtSj3U5o4Lec6428hBc66A2RykQ="
    },
    "isomorphic-fetch": {
      "version": "2.2.1",
      "resolved": "https://registry.npmjs.org/isomorphic-fetch/-/isomorphic-fetch-2.2.1.tgz",
      "integrity": "sha1-YRrhrPFPXoH3KVB0coGf6XM1WKk=",
      "requires": {
        "node-fetch": "1.7.3",
        "whatwg-fetch": "3.0.0"
      }
    },
    "ms": {
      "version": "2.0.0",
      "resolved": "https://registry.npmjs.org/ms/-/ms-2.0.0.tgz",
      "integrity": "sha1-VgiurfwAvmwpAd9fmGF4jeDVl8g="
    },
    "node-fetch": {
      "version": "1.7.3",
      "resolved": "https://registry.npmjs.org/node-fetch/-/node-fetch-1.7.3.tgz",
      "integrity": "sha512-NhZ4CsKx7cYm2vSrBAr2PvFOe6sWDf0UYLRqA6svUYg7+/TSfVAu49jYC4BvQ4Sms9SZgdqGBgroqfDhJdTyKQ==",
      "requires": {
        "encoding": "0.1.12",
        "is-stream": "1.1.0"
      }
    },
    "safer-buffer": {
      "version": "2.1.2",
      "resolved": "https://registry.npmjs.org/safer-buffer/-/safer-buffer-2.1.2.tgz",
      "integrity": "sha512-YZo3K82SD7Riyi0E1EQPojLz7kpepnSQI9IyPbHHg1XXXevb5dJI7tpyN2ADxGcQbHG7vcyRHk0cbwqcQriUtg=="
    },
    "sax": {
      "version": "1.2.4",
      "resolved": "https://registry.npmjs.org/sax/-/sax-1.2.4.tgz",
      "integrity": "sha512-NqVDv9TpANUjFm0N8uM5GxL36UgKi9/atZw+x7YFnQ8ckwFGKrl4xX4yWtrey3UJm5nP1kUbnYgLopqWNSRhWw=="
    },
    "tronalddump-io": {
      "version": "1.0.1",
      "resolved": "https://registry.npmjs.org/tronalddump-io/-/tronalddump-io-1.0.1.tgz",
      "integrity": "sha1-Kk5eOKiYumsJKm4AcIJp217/B60="
    },
    "trump-tweets": {
      "version": "1.0.3",
      "resolved": "https://registry.npmjs.org/trump-tweets/-/trump-tweets-1.0.3.tgz",
      "integrity": "sha512-b6YclpVZ/pw15aa6KwhaCDIvBYGkV4kso8IxTveU2Weuft6wDugcVwTWkKfOTfYJxRQ5OBUvjAXFmmqtt0vTAw=="
    },
    "whatwg-fetch": {
      "version": "3.0.0",
      "resolved": "https://registry.npmjs.org/whatwg-fetch/-/whatwg-fetch-3.0.0.tgz",
      "integrity": "sha512-9GSJUgz1D4MfyKU7KRqwOjXCXTqWdFNvEr7eUBYchQiVc744mqK/MzXPNR2WsPkmkOa4ywfg8C2n8h+13Bey1Q=="
    },
    "wikijs": {
      "version": "4.10.0",
      "resolved": "https://registry.npmjs.org/wikijs/-/wikijs-4.10.0.tgz",
      "integrity": "sha512-zkn7QkFEfYYJ0rpiHwFgcTfHjIh3M0iTTDKTJKiAFzsl1XSZwNB7iTz3bNIzpvpUkNukobTfobMeLNGhyGLMAQ==",
      "requires": {
        "infobox-parser": "3.0.3",
        "isomorphic-fetch": "2.2.1"
      }
    },
    "wikipediajs": {
      "version": "1.4.0",
      "resolved": "https://registry.npmjs.org/wikipediajs/-/wikipediajs-1.4.0.tgz",
      "integrity": "sha512-qg8u+dBQngnkL6ehFlRfpk23UzwhluUnr2j+Vs6FsGHiG1wl3KKD4so2WKCZAeEaYniHBsEynFehSpdAC/30Yw==",
      "requires": {
        "axios": "0.17.1",
        "xml-js": "1.6.2"
      }
    },
    "xml-js": {
      "version": "1.6.2",
      "resolved": "https://registry.npmjs.org/xml-js/-/xml-js-1.6.2.tgz",
      "integrity": "sha512-7SyYB9qfahPf+0eu0W2dZbFzcjk9dDiKRMbQGwSsaTCCiUG0NOawi3CjSJRPOGsS6C6poOoMfYaLc4HZJWjlLw==",
      "requires": {
        "sax": "1.2.4"
      }
    }
  }
}
